{
  "name": "@ckurdu/reader-launcher",
  "version": "1.1.0",
  "lockfileVersion": 3,
  "requires": true,
  "packages": {
    "": {
      "name": "@ckurdu/reader-launcher",
      "version": "1.1.0",
      "bin": {
        "reader-launcher": "cli.mjs"
      },
      "engines": {
        "node": ">=24 <25"
      }
    }
  }
}
